
Microsoft Visual Studio Solution File, Format Version 12.00
# Visual Studio Version 17
VisualStudioVersion = 17.5.002.0
MinimumVisualStudioVersion = 10.0.40219.1
Project("{2150E333-8FDC-42A3-9474-1A3956D46DE8}") = "api", "api", "{FF3DB25C-B46D-4E8D-80AD-1872A08447C2}"
EndProject
Project("{9A19103F-16F7-4668-BE54-9A1E7A4F7556}") = "usuariosApi", "api\usuariosApi\usuariosApi.csproj", "{2882BB16-D9A0-4142-BDDC-6F3D9D38FBDF}"
EndProject
Global
	GlobalSection(SolutionConfigurationPlatforms) = preSolution
		Debug|Any CPU = Debug|Any CPU
		Release|Any CPU = Release|Any CPU
	EndGlobalSection
	GlobalSection(ProjectConfigurationPlatforms) = postSolution
		{2882BB16-D9A0-4142-BDDC-6F3D9D38FBDF}.Debug|Any CPU.ActiveCfg = Debug|Any CPU
		{2882BB16-D9A0-4142-BDDC-6F3D9D38FBDF}.Debug|Any CPU.Build.0 = Debug|Any CPU
		{2882BB16-D9A0-4142-BDDC-6F3D9D38FBDF}.Release|Any CPU.ActiveCfg = Release|Any CPU
		{2882BB16-D9A0-4142-BDDC-6F3D9D38FBDF}.Release|Any CPU.Build.0 = Release|Any CPU
	EndGlobalSection
	GlobalSection(SolutionProperties) = preSolution
		HideSolutionNode = FALSE
	EndGlobalSection
	GlobalSection(NestedProjects) = preSolution
		{2882BB16-D9A0-4142-BDDC-6F3D9D38FBDF} = {FF3DB25C-B46D-4E8D-80AD-1872A08447C2}
	EndGlobalSection
	GlobalSection(ExtensibilityGlobals) = postSolution
		SolutionGuid = {81554314-FEF3-4E00-A101-9AC4700EB932}
	EndGlobalSection
EndGlobal
